// !$*UTF8*$!
{
	archiveVersion = 1;
	classes = {
	};
	objectVersion = 45;
	objects = {

/* Begin PBXBuildFile section */
		1D3623260D0F684500981E51 /* git_phoneAppDelegate.m in Sources */ = {isa = PBXBuildFile; fileRef = 1D3623250D0F684500981E51 /* git_phoneAppDelegate.m */; };
		1D60589B0D05DD56006BFB54 /* main.m in Sources */ = {isa = PBXBuildFile; fileRef = 29B97316FDCFA39411CA2CEA /* main.m */; };
		1D60589F0D05DD5A006BFB54 /* Foundation.framework in Frameworks */ = {isa = PBXBuildFile; fileRef = 1D30AB110D05D00D00671497 /* Foundation.framework */; };
		1DF5F4E00D08C38300B7A737 /* UIKit.framework in Frameworks */ = {isa = PBXBuildFile; fileRef = 1DF5F4DF0D08C38300B7A737 /* UIKit.framework */; };
		2218F1170F2FE3A00080FB02 /* RepositoriesView.xib in Resources */ = {isa = PBXBuildFile; fileRef = 2218F1160F2FE3A00080FB02 /* RepositoriesView.xib */; };
		2218F1350F2FE4110080FB02 /* RepositoriesViewController.m in Sources */ = {isa = PBXBuildFile; fileRef = 2218F1340F2FE4110080FB02 /* RepositoriesViewController.m */; };
		229445A10F2CFD4200502D5C /* private.png in Resources */ = {isa = PBXBuildFile; fileRef = 2294459F0F2CFD4200502D5C /* private.png */; };
		229445A20F2CFD4200502D5C /* public.png in Resources */ = {isa = PBXBuildFile; fileRef = 229445A00F2CFD4200502D5C /* public.png */; };
		22E17B660F22334300D2853B /* Reachability.m in Sources */ = {isa = PBXBuildFile; fileRef = 22E17B650F22334300D2853B /* Reachability.m */; };
		22E17B890F2233E400D2853B /* SystemConfiguration.framework in Frameworks */ = {isa = PBXBuildFile; fileRef = 22E17B880F2233E400D2853B /* SystemConfiguration.framework */; };
		22E17B910F22361B00D2853B /* ConnectivityController.m in Sources */ = {isa = PBXBuildFile; fileRef = 22E17B900F22361B00D2853B /* ConnectivityController.m */; };
		22E17B9D0F223AA600D2853B /* ApplicationErrorViewController.m in Sources */ = {isa = PBXBuildFile; fileRef = 22E17B9C0F223AA600D2853B /* ApplicationErrorViewController.m */; };
		22E17B9F0F223BC800D2853B /* ApplicationError.xib in Resources */ = {isa = PBXBuildFile; fileRef = 22E17B9E0F223BC800D2853B /* ApplicationError.xib */; };
		22E17C080F223E9C00D2853B /* octocat_sad.png in Resources */ = {isa = PBXBuildFile; fileRef = 22E17C070F223E9C00D2853B /* octocat_sad.png */; };
		22E17C1E0F22467200D2853B /* LoginViewController.m in Sources */ = {isa = PBXBuildFile; fileRef = 22E17C1D0F22467200D2853B /* LoginViewController.m */; };
		22E17C3B0F22490800D2853B /* Login.xib in Resources */ = {isa = PBXBuildFile; fileRef = 22E17C3A0F22490800D2853B /* Login.xib */; };
		22E17C410F224A5700D2853B /* octocat_large.png in Resources */ = {isa = PBXBuildFile; fileRef = 22E17C400F224A5700D2853B /* octocat_large.png */; };
		22E17D0D0F24F08C00D2853B /* Connector.m in Sources */ = {isa = PBXBuildFile; fileRef = 22E17D0C0F24F08C00D2853B /* Connector.m */; };
		22EFCE200F32598F009F3C3E /* DataParser.m in Sources */ = {isa = PBXBuildFile; fileRef = 22EFCE1F0F32598F009F3C3E /* DataParser.m */; };
		22EFCE410F325A3F009F3C3E /* Repository.m in Sources */ = {isa = PBXBuildFile; fileRef = 22EFCE400F325A3F009F3C3E /* Repository.m */; };
		22EFCE800F325DFB009F3C3E /* feed.png in Resources */ = {isa = PBXBuildFile; fileRef = 22EFCE7F0F325DFB009F3C3E /* feed.png */; };
		22EFCE880F325EFA009F3C3E /* gravatar.png in Resources */ = {isa = PBXBuildFile; fileRef = 22EFCE870F325EFA009F3C3E /* gravatar.png */; };
		22FA50040F212ED300709123 /* Settings.bundle in Resources */ = {isa = PBXBuildFile; fileRef = 22FA50030F212ED300709123 /* Settings.bundle */; };
		22FA502E0F21374300709123 /* octocat.png in Resources */ = {isa = PBXBuildFile; fileRef = 22FA502D0F21374300709123 /* octocat.png */; };
		22FA50CE0F21463D00709123 /* Config.m in Sources */ = {isa = PBXBuildFile; fileRef = 22FA50CD0F21463D00709123 /* Config.m */; };
		2892E4100DC94CBA00A64D0F /* CoreGraphics.framework in Frameworks */ = {isa = PBXBuildFile; fileRef = 2892E40F0DC94CBA00A64D0F /* CoreGraphics.framework */; };
		2899E5600DE3E45000AC0155 /* RootViewController.xib in Resources */ = {isa = PBXBuildFile; fileRef = 2899E55F0DE3E45000AC0155 /* RootViewController.xib */; };
		28AD73600D9D9599002E5188 /* MainWindow.xib in Resources */ = {isa = PBXBuildFile; fileRef = 28AD735F0D9D9599002E5188 /* MainWindow.xib */; };
		28C286E10D94DF7D0034E888 /* RootViewController.m in Sources */ = {isa = PBXBuildFile; fileRef = 28C286E00D94DF7D0034E888 /* RootViewController.m */; };
/* End PBXBuildFile section */

/* Begin PBXFileReference section */
		1D30AB110D05D00D00671497 /* Foundation.framework */ = {isa = PBXFileReference; lastKnownFileType = wrapper.framework; name = Foundation.framework; path = System/Library/Frameworks/Foundation.framework; sourceTree = SDKROOT; };
		1D3623240D0F684500981E51 /* git_phoneAppDelegate.h */ = {isa = PBXFileReference; fileEncoding = 4; lastKnownFileType = sourcecode.c.h; path = git_phoneAppDelegate.h; sourceTree = "<group>"; };
		1D3623250D0F684500981E51 /* git_phoneAppDelegate.m */ = {isa = PBXFileReference; fileEncoding = 4; lastKnownFileType = sourcecode.c.objc; path = git_phoneAppDelegate.m; sourceTree = "<group>"; };
		1D6058910D05DD3D006BFB54 /* git-phone.app */ = {isa = PBXFileReference; explicitFileType = wrapper.application; includeInIndex = 0; path = "git-phone.app"; sourceTree = BUILT_PRODUCTS_DIR; };
		1DF5F4DF0D08C38300B7A737 /* UIKit.framework */ = {isa = PBXFileReference; lastKnownFileType = wrapper.framework; name = UIKit.framework; path = System/Library/Frameworks/UIKit.framework; sourceTree = SDKROOT; };
		2218F1160F2FE3A00080FB02 /* RepositoriesView.xib */ = {isa = PBXFileReference; lastKnownFileType = file.xib; path = RepositoriesView.xib; sourceTree = "<group>"; };
		2218F1330F2FE4110080FB02 /* RepositoriesViewController.h */ = {isa = PBXFileReference; fileEncoding = 4; lastKnownFileType = sourcecode.c.h; path = RepositoriesViewController.h; sourceTree = "<group>"; };
		2218F1340F2FE4110080FB02 /* RepositoriesViewController.m */ = {isa = PBXFileReference; fileEncoding = 4; lastKnownFileType = sourcecode.c.objc; path = RepositoriesViewController.m; sourceTree = "<group>"; };
		2294459F0F2CFD4200502D5C /* private.png */ = {isa = PBXFileReference; lastKnownFileType = image.png; path = private.png; sourceTree = "<group>"; };
		229445A00F2CFD4200502D5C /* public.png */ = {isa = PBXFileReference; lastKnownFileType = image.png; path = public.png; sourceTree = "<group>"; };
		22E17B640F22334300D2853B /* Reachability.h */ = {isa = PBXFileReference; fileEncoding = 4; lastKnownFileType = sourcecode.c.h; path = Reachability.h; sourceTree = "<group>"; };
		22E17B650F22334300D2853B /* Reachability.m */ = {isa = PBXFileReference; fileEncoding = 4; lastKnownFileType = sourcecode.c.objc; path = Reachability.m; sourceTree = "<group>"; };
		22E17B880F2233E400D2853B /* SystemConfiguration.framework */ = {isa = PBXFileReference; lastKnownFileType = wrapper.framework; name = SystemConfiguration.framework; path = /System/Library/Frameworks/SystemConfiguration.framework; sourceTree = "<absolute>"; };
		22E17B8F0F22361B00D2853B /* ConnectivityController.h */ = {isa = PBXFileReference; fileEncoding = 4; lastKnownFileType = sourcecode.c.h; path = ConnectivityController.h; sourceTree = "<group>"; };
		22E17B900F22361B00D2853B /* ConnectivityController.m */ = {isa = PBXFileReference; fileEncoding = 4; lastKnownFileType = sourcecode.c.objc; path = ConnectivityController.m; sourceTree = "<group>"; };
		22E17B9B0F223AA600D2853B /* ApplicationErrorViewController.h */ = {isa = PBXFileReference; fileEncoding = 4; lastKnownFileType = sourcecode.c.h; path = ApplicationErrorViewController.h; sourceTree = "<group>"; };
		22E17B9C0F223AA600D2853B /* ApplicationErrorViewController.m */ = {isa = PBXFileReference; fileEncoding = 4; lastKnownFileType = sourcecode.c.objc; path = ApplicationErrorViewController.m; sourceTree = "<group>"; };
		22E17B9E0F223BC800D2853B /* ApplicationError.xib */ = {isa = PBXFileReference; lastKnownFileType = file.xib; path = ApplicationError.xib; sourceTree = "<group>"; };
		22E17C070F223E9C00D2853B /* octocat_sad.png */ = {isa = PBXFileReference; lastKnownFileType = image.png; path = octocat_sad.png; sourceTree = "<group>"; };
		22E17C1C0F22467200D2853B /* LoginViewController.h */ = {isa = PBXFileReference; fileEncoding = 4; lastKnownFileType = sourcecode.c.h; path = LoginViewController.h; sourceTree = "<group>"; };
		22E17C1D0F22467200D2853B /* LoginViewController.m */ = {isa = PBXFileReference; fileEncoding = 4; lastKnownFileType = sourcecode.c.objc; path = LoginViewController.m; sourceTree = "<group>"; };
		22E17C3A0F22490800D2853B /* Login.xib */ = {isa = PBXFileReference; lastKnownFileType = file.xib; path = Login.xib; sourceTree = "<group>"; };
		22E17C400F224A5700D2853B /* octocat_large.png */ = {isa = PBXFileReference; lastKnownFileType = image.png; path = octocat_large.png; sourceTree = "<group>"; };
		22E17D0B0F24F08C00D2853B /* Connector.h */ = {isa = PBXFileReference; fileEncoding = 4; lastKnownFileType = sourcecode.c.h; path = Connector.h; sourceTree = "<group>"; };
		22E17D0C0F24F08C00D2853B /* Connector.m */ = {isa = PBXFileReference; fileEncoding = 4; lastKnownFileType = sourcecode.c.objc; path = Connector.m; sourceTree = "<group>"; };
		22EFCE1E0F32598F009F3C3E /* DataParser.h */ = {isa = PBXFileReference; fileEncoding = 4; lastKnownFileType = sourcecode.c.h; path = DataParser.h; sourceTree = "<group>"; };
		22EFCE1F0F32598F009F3C3E /* DataParser.m */ = {isa = PBXFileReference; fileEncoding = 4; lastKnownFileType = sourcecode.c.objc; path = DataParser.m; sourceTree = "<group>"; };
		22EFCE3F0F325A3F009F3C3E /* Repository.h */ = {isa = PBXFileReference; fileEncoding = 4; lastKnownFileType = sourcecode.c.h; path = Repository.h; sourceTree = "<group>"; };
		22EFCE400F325A3F009F3C3E /* Repository.m */ = {isa = PBXFileReference; fileEncoding = 4; lastKnownFileType = sourcecode.c.objc; path = Repository.m; sourceTree = "<group>"; };
		22EFCE7F0F325DFB009F3C3E /* feed.png */ = {isa = PBXFileReference; lastKnownFileType = image.png; path = feed.png; sourceTree = "<group>"; };
		22EFCE870F325EFA009F3C3E /* gravatar.png */ = {isa = PBXFileReference; lastKnownFileType = image.png; path = gravatar.png; sourceTree = "<group>"; };
		22FA50030F212ED300709123 /* Settings.bundle */ = {isa = PBXFileReference; lastKnownFileType = "wrapper.plug-in"; path = Settings.bundle; sourceTree = "<group>"; };
		22FA502D0F21374300709123 /* octocat.png */ = {isa = PBXFileReference; lastKnownFileType = image.png; path = octocat.png; sourceTree = "<group>"; };
		22FA50CC0F21463D00709123 /* Config.h */ = {isa = PBXFileReference; fileEncoding = 4; lastKnownFileType = sourcecode.c.h; path = Config.h; sourceTree = "<group>"; };
		22FA50CD0F21463D00709123 /* Config.m */ = {isa = PBXFileReference; fileEncoding = 4; lastKnownFileType = sourcecode.c.objc; path = Config.m; sourceTree = "<group>"; };
		22FA50DB0F2147DC00709123 /* Models.h */ = {isa = PBXFileReference; fileEncoding = 4; lastKnownFileType = sourcecode.c.h; path = Models.h; sourceTree = "<group>"; };
		2892E40F0DC94CBA00A64D0F /* CoreGraphics.framework */ = {isa = PBXFileReference; lastKnownFileType = wrapper.framework; name = CoreGraphics.framework; path = System/Library/Frameworks/CoreGraphics.framework; sourceTree = SDKROOT; };
		2899E55F0DE3E45000AC0155 /* RootViewController.xib */ = {isa = PBXFileReference; lastKnownFileType = file.xib; path = RootViewController.xib; sourceTree = "<group>"; };
		28A0AAE50D9B0CCF005BE974 /* git_phone_Prefix.pch */ = {isa = PBXFileReference; fileEncoding = 4; lastKnownFileType = sourcecode.c.h; path = git_phone_Prefix.pch; sourceTree = "<group>"; };
		28AD735F0D9D9599002E5188 /* MainWindow.xib */ = {isa = PBXFileReference; lastKnownFileType = file.xib; path = MainWindow.xib; sourceTree = "<group>"; };
		28C286DF0D94DF7D0034E888 /* RootViewController.h */ = {isa = PBXFileReference; fileEncoding = 4; lastKnownFileType = sourcecode.c.h; path = RootViewController.h; sourceTree = "<group>"; };
		28C286E00D94DF7D0034E888 /* RootViewController.m */ = {isa = PBXFileReference; fileEncoding = 4; lastKnownFileType = sourcecode.c.objc; path = RootViewController.m; sourceTree = "<group>"; };
		29B97316FDCFA39411CA2CEA /* main.m */ = {isa = PBXFileReference; fileEncoding = 4; lastKnownFileType = sourcecode.c.objc; path = main.m; sourceTree = "<group>"; };
		8D1107310486CEB800E47090 /* Info.plist */ = {isa = PBXFileReference; fileEncoding = 4; lastKnownFileType = text.plist.xml; path = Info.plist; sourceTree = "<group>"; };
/* End PBXFileReference section */

/* Begin PBXFrameworksBuildPhase section */
		1D60588F0D05DD3D006BFB54 /* Frameworks */ = {
			isa = PBXFrameworksBuildPhase;
			buildActionMask = 2147483647;
			files = (
				1D60589F0D05DD5A006BFB54 /* Foundation.framework in Frameworks */,
				1DF5F4E00D08C38300B7A737 /* UIKit.framework in Frameworks */,
				2892E4100DC94CBA00A64D0F /* CoreGraphics.framework in Frameworks */,
				22E17B890F2233E400D2853B /* SystemConfiguration.framework in Frameworks */,
			);
			runOnlyForDeploymentPostprocessing = 0;
		};
/* End PBXFrameworksBuildPhase section */

/* Begin PBXGroup section */
		080E96DDFE201D6D7F000001 /* Classes */ = {
			isa = PBXGroup;
			children = (
				28C286DF0D94DF7D0034E888 /* RootViewController.h */,
				28C286E00D94DF7D0034E888 /* RootViewController.m */,
				1D3623240D0F684500981E51 /* git_phoneAppDelegate.h */,
				1D3623250D0F684500981E51 /* git_phoneAppDelegate.m */,
			);
			path = Classes;
			sourceTree = "<group>";
		};
		19C28FACFE9D520D11CA2CBB /* Products */ = {
			isa = PBXGroup;
			children = (
				1D6058910D05DD3D006BFB54 /* git-phone.app */,
			);
			name = Products;
			sourceTree = "<group>";
		};
		22E17B8D0F22357F00D2853B /* Controllers */ = {
			isa = PBXGroup;
			children = (
				22E17B8F0F22361B00D2853B /* ConnectivityController.h */,
				22E17B900F22361B00D2853B /* ConnectivityController.m */,
			);
			name = Controllers;
			sourceTree = "<group>";
		};
		22E17B990F223A3400D2853B /* ViewControllers */ = {
			isa = PBXGroup;
			children = (
				22E17B9B0F223AA600D2853B /* ApplicationErrorViewController.h */,
				22E17B9C0F223AA600D2853B /* ApplicationErrorViewController.m */,
				22E17C1C0F22467200D2853B /* LoginViewController.h */,
				22E17C1D0F22467200D2853B /* LoginViewController.m */,
				2218F1330F2FE4110080FB02 /* RepositoriesViewController.h */,
				2218F1340F2FE4110080FB02 /* RepositoriesViewController.m */,
			);
			name = ViewControllers;
			path = Classes;
			sourceTree = "<group>";
		};
		22FA50100F21349300709123 /* images */ = {
			isa = PBXGroup;
			children = (
				22EFCE870F325EFA009F3C3E /* gravatar.png */,
				22EFCE7F0F325DFB009F3C3E /* feed.png */,
				2294459F0F2CFD4200502D5C /* private.png */,
				229445A00F2CFD4200502D5C /* public.png */,
				22E17C400F224A5700D2853B /* octocat_large.png */,
				22E17C070F223E9C00D2853B /* octocat_sad.png */,
				22FA502D0F21374300709123 /* octocat.png */,
			);
			path = images;
			sourceTree = "<group>";
		};
		22FA50C60F2144DF00709123 /* Classes */ = {
			isa = PBXGroup;
			children = (
				22FA50DB0F2147DC00709123 /* Models.h */,
				22FA50CC0F21463D00709123 /* Config.h */,
				22FA50CD0F21463D00709123 /* Config.m */,
				22EFCE1E0F32598F009F3C3E /* DataParser.h */,
				22EFCE1F0F32598F009F3C3E /* DataParser.m */,
				22EFCE3F0F325A3F009F3C3E /* Repository.h */,
				22EFCE400F325A3F009F3C3E /* Repository.m */,
			);
			path = Classes;
			sourceTree = "<group>";
		};
		22FA50C70F2144F800709123 /* Networking */ = {
			isa = PBXGroup;
			children = (
				22E17D0B0F24F08C00D2853B /* Connector.h */,
				22E17D0C0F24F08C00D2853B /* Connector.m */,
				22E17B640F22334300D2853B /* Reachability.h */,
				22E17B650F22334300D2853B /* Reachability.m */,
				22E17B8D0F22357F00D2853B /* Controllers */,
			);
			name = Networking;
			path = Classes;
			sourceTree = "<group>";
		};
		29B97314FDCFA39411CA2CEA /* CustomTemplate */ = {
			isa = PBXGroup;
			children = (
				22FA50C70F2144F800709123 /* Networking */,
				22FA50C60F2144DF00709123 /* Classes */,
				22E17B990F223A3400D2853B /* ViewControllers */,
				080E96DDFE201D6D7F000001 /* Classes */,
				29B97315FDCFA39411CA2CEA /* Other Sources */,
				29B97317FDCFA39411CA2CEA /* Resources */,
				29B97323FDCFA39411CA2CEA /* Frameworks */,
				19C28FACFE9D520D11CA2CBB /* Products */,
				22FA50030F212ED300709123 /* Settings.bundle */,
			);
			name = CustomTemplate;
			sourceTree = "<group>";
		};
		29B97315FDCFA39411CA2CEA /* Other Sources */ = {
			isa = PBXGroup;
			children = (
				28A0AAE50D9B0CCF005BE974 /* git_phone_Prefix.pch */,
				29B97316FDCFA39411CA2CEA /* main.m */,
			);
			name = "Other Sources";
			sourceTree = "<group>";
		};
		29B97317FDCFA39411CA2CEA /* Resources */ = {
			isa = PBXGroup;
			children = (
				22FA50100F21349300709123 /* images */,
				22E17B9E0F223BC800D2853B /* ApplicationError.xib */,
				22E17C3A0F22490800D2853B /* Login.xib */,
				28AD735F0D9D9599002E5188 /* MainWindow.xib */,
				2218F1160F2FE3A00080FB02 /* RepositoriesView.xib */,
				2899E55F0DE3E45000AC0155 /* RootViewController.xib */,
				8D1107310486CEB800E47090 /* Info.plist */,
			);
			name = Resources;
			sourceTree = "<group>";
		};
		29B97323FDCFA39411CA2CEA /* Frameworks */ = {
			isa = PBXGroup;
			children = (
				22E17B880F2233E400D2853B /* SystemConfiguration.framework */,
				1DF5F4DF0D08C38300B7A737 /* UIKit.framework */,
				1D30AB110D05D00D00671497 /* Foundation.framework */,
				2892E40F0DC94CBA00A64D0F /* CoreGraphics.framework */,
			);
			name = Frameworks;
			sourceTree = "<group>";
		};
/* End PBXGroup section */

/* Begin PBXNativeTarget section */
		1D6058900D05DD3D006BFB54 /* GitHub GitPhone */ = {
			isa = PBXNativeTarget;
			buildConfigurationList = 1D6058960D05DD3E006BFB54 /* Build configuration list for PBXNativeTarget "GitHub GitPhone" */;
			buildPhases = (
				1D60588D0D05DD3D006BFB54 /* Resources */,
				1D60588E0D05DD3D006BFB54 /* Sources */,
				1D60588F0D05DD3D006BFB54 /* Frameworks */,
			);
			buildRules = (
			);
			dependencies = (
			);
			name = "GitHub GitPhone";
			productName = "git-phone";
			productReference = 1D6058910D05DD3D006BFB54 /* git-phone.app */;
			productType = "com.apple.product-type.application";
		};
/* End PBXNativeTarget section */

/* Begin PBXProject section */
		29B97313FDCFA39411CA2CEA /* Project object */ = {
			isa = PBXProject;
			buildConfigurationList = C01FCF4E08A954540054247B /* Build configuration list for PBXProject "git-phone" */;
			compatibilityVersion = "Xcode 3.1";
			hasScannedForEncodings = 1;
			knownRegions = (
				English,
				Japanese,
				French,
				German,
				en,
			);
			mainGroup = 29B97314FDCFA39411CA2CEA /* CustomTemplate */;
			projectDirPath = "";
			projectRoot = "";
			targets = (
				1D6058900D05DD3D006BFB54 /* GitHub GitPhone */,
			);
		};
/* End PBXProject section */

/* Begin PBXResourcesBuildPhase section */
		1D60588D0D05DD3D006BFB54 /* Resources */ = {
			isa = PBXResourcesBuildPhase;
			buildActionMask = 2147483647;
			files = (
				28AD73600D9D9599002E5188 /* MainWindow.xib in Resources */,
				2899E5600DE3E45000AC0155 /* RootViewController.xib in Resources */,
				22FA50040F212ED300709123 /* Settings.bundle in Resources */,
				22FA502E0F21374300709123 /* octocat.png in Resources */,
				22E17B9F0F223BC800D2853B /* ApplicationError.xib in Resources */,
				22E17C080F223E9C00D2853B /* octocat_sad.png in Resources */,
				22E17C3B0F22490800D2853B /* Login.xib in Resources */,
				22E17C410F224A5700D2853B /* octocat_large.png in Resources */,
				229445A10F2CFD4200502D5C /* private.png in Resources */,
				229445A20F2CFD4200502D5C /* public.png in Resources */,
				2218F1170F2FE3A00080FB02 /* RepositoriesView.xib in Resources */,
				22EFCE800F325DFB009F3C3E /* feed.png in Resources */,
				22EFCE880F325EFA009F3C3E /* gravatar.png in Resources */,
			);
			runOnlyForDeploymentPostprocessing = 0;
		};
/* End PBXResourcesBuildPhase section */

/* Begin PBXSourcesBuildPhase section */
		1D60588E0D05DD3D006BFB54 /* Sources */ = {
			isa = PBXSourcesBuildPhase;
			buildActionMask = 2147483647;
			files = (
				1D60589B0D05DD56006BFB54 /* main.m in Sources */,
				1D3623260D0F684500981E51 /* git_phoneAppDelegate.m in Sources */,
				28C286E10D94DF7D0034E888 /* RootViewController.m in Sources */,
				22FA50CE0F21463D00709123 /* Config.m in Sources */,
				22E17B660F22334300D2853B /* Reachability.m in Sources */,
				22E17B910F22361B00D2853B /* ConnectivityController.m in Sources */,
				22E17B9D0F223AA600D2853B /* ApplicationErrorViewController.m in Sources */,
				22E17C1E0F22467200D2853B /* LoginViewController.m in Sources */,
				22E17D0D0F24F08C00D2853B /* Connector.m in Sources */,
				2218F1350F2FE4110080FB02 /* RepositoriesViewController.m in Sources */,
				22EFCE200F32598F009F3C3E /* DataParser.m in Sources */,
				22EFCE410F325A3F009F3C3E /* Repository.m in Sources */,
			);
			runOnlyForDeploymentPostprocessing = 0;
		};
/* End PBXSourcesBuildPhase section */

/* Begin XCBuildConfiguration section */
		1D6058940D05DD3E006BFB54 /* Debug */ = {
			isa = XCBuildConfiguration;
			buildSettings = {
				ALWAYS_SEARCH_USER_PATHS = NO;
				COPY_PHASE_STRIP = NO;
				GCC_DYNAMIC_NO_PIC = NO;
				GCC_OPTIMIZATION_LEVEL = 0;
				GCC_PRECOMPILE_PREFIX_HEADER = YES;
				GCC_PREFIX_HEADER = git_phone_Prefix.pch;
				INFOPLIST_FILE = Info.plist;
				PRODUCT_NAME = "git-phone";
			};
			name = Debug;
		};
		1D6058950D05DD3E006BFB54 /* Release */ = {
			isa = XCBuildConfiguration;
			buildSettings = {
				ALWAYS_SEARCH_USER_PATHS = NO;
				COPY_PHASE_STRIP = YES;
				GCC_PRECOMPILE_PREFIX_HEADER = YES;
				GCC_PREFIX_HEADER = git_phone_Prefix.pch;
				INFOPLIST_FILE = Info.plist;
				PRODUCT_NAME = "git-phone";
			};
			name = Release;
		};
		C01FCF4F08A954540054247B /* Debug */ = {
			isa = XCBuildConfiguration;
			buildSettings = {
				ADDITIONAL_SDKS = "$HOME/Library/SDKs/JSON/$(PLATFORM_NAME).sdk";
				ARCHS = "$(ARCHS_STANDARD_32_BIT)";
				"CODE_SIGN_IDENTITY[sdk=iphoneos*]" = "iPhone Developer";
				GCC_C_LANGUAGE_STANDARD = c99;
				GCC_WARN_ABOUT_RETURN_TYPE = YES;
				GCC_WARN_UNUSED_VARIABLE = YES;
				ONLY_ACTIVE_ARCH = YES;
				OTHER_CFLAGS = (
					"-D",
					__DEBUG__,
				);
				OTHER_LDFLAGS = (
					"-ObjC",
					"-ljson",
				);
				PREBINDING = NO;
				SDKROOT = iphonesimulator2.2;
			};
			name = Debug;
		};
		C01FCF5008A954540054247B /* Release */ = {
			isa = XCBuildConfiguration;
			buildSettings = {
				ARCHS = "$(ARCHS_STANDARD_32_BIT)";
				"CODE_SIGN_IDENTITY[sdk=iphoneos*]" = "iPhone Developer";
				GCC_C_LANGUAGE_STANDARD = c99;
				GCC_WARN_ABOUT_RETURN_TYPE = YES;
				GCC_WARN_UNUSED_VARIABLE = YES;
				PREBINDING = NO;
				SDKROOT = iphoneos2.2;
			};
			name = Release;
		};
/* End XCBuildConfiguration section */

/* Begin XCConfigurationList section */
		1D6058960D05DD3E006BFB54 /* Build configuration list for PBXNativeTarget "GitHub GitPhone" */ = {
			isa = XCConfigurationList;
			buildConfigurations = (
				1D6058940D05DD3E006BFB54 /* Debug */,
				1D6058950D05DD3E006BFB54 /* Release */,
			);
			defaultConfigurationIsVisible = 0;
			defaultConfigurationName = Release;
		};
		C01FCF4E08A954540054247B /* Build configuration list for PBXProject "git-phone" */ = {
			isa = XCConfigurationList;
			buildConfigurations = (
				C01FCF4F08A954540054247B /* Debug */,
				C01FCF5008A954540054247B /* Release */,
			);
			defaultConfigurationIsVisible = 0;
			defaultConfigurationName = Release;
		};
/* End XCConfigurationList section */
	};
	rootObject = 29B97313FDCFA39411CA2CEA /* Project object */;
}
